
Microsoft Visual Studio Solution File, Format Version 12.00
# Visual Studio Version 16
VisualStudioVersion = 16.0.30002.166
MinimumVisualStudioVersion = 10.0.40219.1
Project("{8BC9CEB8-8B4A-11D0-8D11-00A0C91BC942}") = "FbxLoaderNative", "FbxLoaderNative\FbxLoaderNative.vcxproj", "{2F931E91-BE59-47F2-8413-1E660C485539}"
EndProject
Project("{2150E333-8FDC-42A3-9474-1A3956D46DE8}") = "Projects", "Projects", "{66B7625C-2BC8-4E0C-A1D9-633D86BBC0A7}"
EndProject
Project("{2150E333-8FDC-42A3-9474-1A3956D46DE8}") = "Native", "Native", "{95637F01-645A-48DB-98B2-0D880E4CA8E7}"
EndProject
Project("{8BC9CEB8-8B4A-11D0-8D11-00A0C91BC942}") = "NativeUtils", "NativeUtils\NativeUtils.vcxproj", "{3556383E-84C4-4C7B-BDCB-A7C14FAD23DE}"
EndProject
Project("{2150E333-8FDC-42A3-9474-1A3956D46DE8}") = "Modules", "Modules", "{3842E510-AC58-4FE0-9266-E29ED3552E3C}"
EndProject
Project("{9A19103F-16F7-4668-BE54-9A1E7A4F7556}") = "CopperCowEngine.Unsafe", "CopperCowEngine.Unsafe\CopperCowEngine.Unsafe.csproj", "{86FA9733-12C9-4E73-A07E-EB44729B49BA}"
EndProject
Project("{9A19103F-16F7-4668-BE54-9A1E7A4F7556}") = "CopperCowEngine.ECS", "CopperCowEngine.ECS\CopperCowEngine.ECS.csproj", "{B2AD2089-9DD1-4961-8C38-45123D96B3FE}"
EndProject
Project("{9A19103F-16F7-4668-BE54-9A1E7A4F7556}") = "CopperCowEngine.ECS.Builtin", "CopperCowEngine.ECS.Builtin\CopperCowEngine.ECS.Builtin.csproj", "{8462C624-EA9D-439C-8A2C-3BA2772B23AE}"
EndProject
Project("{9A19103F-16F7-4668-BE54-9A1E7A4F7556}") = "CopperCowEngine.AssetsManagement", "CopperCowEngine.AssetsManagement\CopperCowEngine.AssetsManagement.csproj", "{1D616530-5CA4-4C71-BC05-BC2F0E62CE59}"
EndProject
Project("{9A19103F-16F7-4668-BE54-9A1E7A4F7556}") = "CopperCowEngine.Rendering", "CopperCowEngine.Rendering\CopperCowEngine.Rendering.csproj", "{AE935C71-48E7-4C9F-B8F2-A3ACD48E9BE7}"
EndProject
Project("{9A19103F-16F7-4668-BE54-9A1E7A4F7556}") = "CopperCowEngine.Core", "CopperCowEngine.Core\CopperCowEngine.Core.csproj", "{7DBD4F6F-EA6B-4126-80ED-FBCDC0B3ED1C}"
EndProject
Project("{9A19103F-16F7-4668-BE54-9A1E7A4F7556}") = "CopperCowEngine.Rendering.D3D11", "CopperCowEngine.Rendering.D3D11\CopperCowEngine.Rendering.D3D11.csproj", "{F8E65110-15E5-419B-A0EF-E3ABDF78FCEE}"
EndProject
Project("{2150E333-8FDC-42A3-9474-1A3956D46DE8}") = "Targets", "Targets", "{F63C41BD-D704-4058-8C15-F303A42609FB}"
EndProject
Project("{9A19103F-16F7-4668-BE54-9A1E7A4F7556}") = "PureProject", "PureProject\PureProject.csproj", "{806AB447-493E-4840-AD63-EF8EA07ADFAE}"
EndProject
Project("{9A19103F-16F7-4668-BE54-9A1E7A4F7556}") = "CopperCowEngine.JobSystem", "CopperCowEngine.JobSystem\CopperCowEngine.JobSystem.csproj", "{A2BC985E-B7DF-46CA-8046-1D450B7A3F22}"
EndProject
Project("{9A19103F-16F7-4668-BE54-9A1E7A4F7556}") = "CopperCowEngine.EditorApp", "CopperCowEngine.EditorApp\CopperCowEngine.EditorApp.csproj", "{E84A20E8-4BC8-4F3C-97FA-F16F44CD6462}"
EndProject
Project("{9A19103F-16F7-4668-BE54-9A1E7A4F7556}") = "CopperCowEngine.Unsafe.Tests", "CopperCowEngine.Unsafe.Tests\CopperCowEngine.Unsafe.Tests.csproj", "{8098E66B-F3F3-4740-89FB-73D8B2E5C4F2}"
EndProject
Project("{9A19103F-16F7-4668-BE54-9A1E7A4F7556}") = "CopperCowEngine.JobSystem.Tests", "CopperCowEngine.JobSystem.Tests\CopperCowEngine.JobSystem.Tests.csproj", "{17969F88-861E-4544-BE80-17A07A423AF0}"
EndProject
Project("{9A19103F-16F7-4668-BE54-9A1E7A4F7556}") = "CopperCowEngine.ECS.Tests", "CopperCowEngine.ECS.Tests\CopperCowEngine.ECS.Tests.csproj", "{871DAC55-1324-4271-B0FA-49FCEC3C8D43}"
EndProject
Project("{2150E333-8FDC-42A3-9474-1A3956D46DE8}") = "Tests", "Tests", "{64F17284-8B34-4A0F-A471-357B866047CB}"
EndProject
Project("{9A19103F-16F7-4668-BE54-9A1E7A4F7556}") = "CopperCowEngine.Rendering.D3D11.Editor", "CopperCowEngine.Rendering.D3D11.Editor\CopperCowEngine.Rendering.D3D11.Editor.csproj", "{3BF05998-8E70-4CFC-9EBA-3CB8F1449D73}"
EndProject
Project("{9A19103F-16F7-4668-BE54-9A1E7A4F7556}") = "CopperCowEngine.AssetsManagement.Editor", "CopperCowEngine.AssetsManagement.Editor\CopperCowEngine.AssetsManagement.Editor.csproj", "{FE418572-5BD1-43A5-BC09-D3BA0D49C910}"
EndProject
Project("{9A19103F-16F7-4668-BE54-9A1E7A4F7556}") = "CopperCowEngine.Engine", "CopperCowEngine.Engine\CopperCowEngine.Engine.csproj", "{F992E6E4-0C4A-4FEA-9546-6B43ED1F220A}"
EndProject
Project("{FAE04EC0-301F-11D3-BF4B-00C04F79EFBC}") = "CopperCowEngine.ScriptEngine.Lua", "CopperCowEngine.ScriptEngine.Lua\CopperCowEngine.ScriptEngine.Lua.csproj", "{48D2AECC-2893-4648-95C8-2F55539F644E}"
EndProject
Global
	GlobalSection(SolutionConfigurationPlatforms) = preSolution
		Debug|Any CPU = Debug|Any CPU
		Debug|x64 = Debug|x64
		Debug|x86 = Debug|x86
		Release|Any CPU = Release|Any CPU
		Release|x64 = Release|x64
		Release|x86 = Release|x86
	EndGlobalSection
	GlobalSection(ProjectConfigurationPlatforms) = postSolution
		{2F931E91-BE59-47F2-8413-1E660C485539}.Debug|Any CPU.ActiveCfg = Debug|Win32
		{2F931E91-BE59-47F2-8413-1E660C485539}.Debug|x64.ActiveCfg = Debug|x64
		{2F931E91-BE59-47F2-8413-1E660C485539}.Debug|x64.Build.0 = Debug|x64
		{2F931E91-BE59-47F2-8413-1E660C485539}.Debug|x86.ActiveCfg = Debug|Win32
		{2F931E91-BE59-47F2-8413-1E660C485539}.Debug|x86.Build.0 = Debug|Win32
		{2F931E91-BE59-47F2-8413-1E660C485539}.Debug|x86.Deploy.0 = Debug|Win32
		{2F931E91-BE59-47F2-8413-1E660C485539}.Release|Any CPU.ActiveCfg = Release|Win32
		{2F931E91-BE59-47F2-8413-1E660C485539}.Release|x64.ActiveCfg = Release|x64
		{2F931E91-BE59-47F2-8413-1E660C485539}.Release|x64.Build.0 = Release|x64
		{2F931E91-BE59-47F2-8413-1E660C485539}.Release|x86.ActiveCfg = Release|Win32
		{2F931E91-BE59-47F2-8413-1E660C485539}.Release|x86.Build.0 = Release|Win32
		{2F931E91-BE59-47F2-8413-1E660C485539}.Release|x86.Deploy.0 = Release|Win32
		{3556383E-84C4-4C7B-BDCB-A7C14FAD23DE}.Debug|Any CPU.ActiveCfg = Debug|Win32
		{3556383E-84C4-4C7B-BDCB-A7C14FAD23DE}.Debug|x64.ActiveCfg = Debug|x64
		{3556383E-84C4-4C7B-BDCB-A7C14FAD23DE}.Debug|x64.Build.0 = Debug|x64
		{3556383E-84C4-4C7B-BDCB-A7C14FAD23DE}.Debug|x86.ActiveCfg = Debug|Win32
		{3556383E-84C4-4C7B-BDCB-A7C14FAD23DE}.Debug|x86.Build.0 = Debug|Win32
		{3556383E-84C4-4C7B-BDCB-A7C14FAD23DE}.Release|Any CPU.ActiveCfg = Release|Win32
		{3556383E-84C4-4C7B-BDCB-A7C14FAD23DE}.Release|x64.ActiveCfg = Release|x64
		{3556383E-84C4-4C7B-BDCB-A7C14FAD23DE}.Release|x64.Build.0 = Release|x64
		{3556383E-84C4-4C7B-BDCB-A7C14FAD23DE}.Release|x86.ActiveCfg = Release|Win32
		{3556383E-84C4-4C7B-BDCB-A7C14FAD23DE}.Release|x86.Build.0 = Release|Win32
		{86FA9733-12C9-4E73-A07E-EB44729B49BA}.Debug|Any CPU.ActiveCfg = Debug|Any CPU
		{86FA9733-12C9-4E73-A07E-EB44729B49BA}.Debug|Any CPU.Build.0 = Debug|Any CPU
		{86FA9733-12C9-4E73-A07E-EB44729B49BA}.Debug|x64.ActiveCfg = Debug|x64
		{86FA9733-12C9-4E73-A07E-EB44729B49BA}.Debug|x64.Build.0 = Debug|x64
		{86FA9733-12C9-4E73-A07E-EB44729B49BA}.Debug|x86.ActiveCfg = Debug|Any CPU
		{86FA9733-12C9-4E73-A07E-EB44729B49BA}.Debug|x86.Build.0 = Debug|Any CPU
		{86FA9733-12C9-4E73-A07E-EB44729B49BA}.Release|Any CPU.ActiveCfg = Release|Any CPU
		{86FA9733-12C9-4E73-A07E-EB44729B49BA}.Release|Any CPU.Build.0 = Release|Any CPU
		{86FA9733-12C9-4E73-A07E-EB44729B49BA}.Release|x64.ActiveCfg = Release|x64
		{86FA9733-12C9-4E73-A07E-EB44729B49BA}.Release|x64.Build.0 = Release|x64
		{86FA9733-12C9-4E73-A07E-EB44729B49BA}.Release|x86.ActiveCfg = Release|Any CPU
		{86FA9733-12C9-4E73-A07E-EB44729B49BA}.Release|x86.Build.0 = Release|Any CPU
		{B2AD2089-9DD1-4961-8C38-45123D96B3FE}.Debug|Any CPU.ActiveCfg = Debug|Any CPU
		{B2AD2089-9DD1-4961-8C38-45123D96B3FE}.Debug|Any CPU.Build.0 = Debug|Any CPU
		{B2AD2089-9DD1-4961-8C38-45123D96B3FE}.Debug|x64.ActiveCfg = Debug|x64
		{B2AD2089-9DD1-4961-8C38-45123D96B3FE}.Debug|x64.Build.0 = Debug|x64
		{B2AD2089-9DD1-4961-8C38-45123D96B3FE}.Debug|x86.ActiveCfg = Debug|Any CPU
		{B2AD2089-9DD1-4961-8C38-45123D96B3FE}.Debug|x86.Build.0 = Debug|Any CPU
		{B2AD2089-9DD1-4961-8C38-45123D96B3FE}.Release|Any CPU.ActiveCfg = Release|Any CPU
		{B2AD2089-9DD1-4961-8C38-45123D96B3FE}.Release|Any CPU.Build.0 = Release|Any CPU
		{B2AD2089-9DD1-4961-8C38-45123D96B3FE}.Release|x64.ActiveCfg = Release|x64
		{B2AD2089-9DD1-4961-8C38-45123D96B3FE}.Release|x64.Build.0 = Release|x64
		{B2AD2089-9DD1-4961-8C38-45123D96B3FE}.Release|x86.ActiveCfg = Release|Any CPU
		{B2AD2089-9DD1-4961-8C38-45123D96B3FE}.Release|x86.Build.0 = Release|Any CPU
		{8462C624-EA9D-439C-8A2C-3BA2772B23AE}.Debug|Any CPU.ActiveCfg = Debug|Any CPU
		{8462C624-EA9D-439C-8A2C-3BA2772B23AE}.Debug|Any CPU.Build.0 = Debug|Any CPU
		{8462C624-EA9D-439C-8A2C-3BA2772B23AE}.Debug|x64.ActiveCfg = Debug|x64
		{8462C624-EA9D-439C-8A2C-3BA2772B23AE}.Debug|x64.Build.0 = Debug|x64
		{8462C624-EA9D-439C-8A2C-3BA2772B23AE}.Debug|x86.ActiveCfg = Debug|Any CPU
		{8462C624-EA9D-439C-8A2C-3BA2772B23AE}.Debug|x86.Build.0 = Debug|Any CPU
		{8462C624-EA9D-439C-8A2C-3BA2772B23AE}.Release|Any CPU.ActiveCfg = Release|Any CPU
		{8462C624-EA9D-439C-8A2C-3BA2772B23AE}.Release|Any CPU.Build.0 = Release|Any CPU
		{8462C624-EA9D-439C-8A2C-3BA2772B23AE}.Release|x64.ActiveCfg = Release|x64
		{8462C624-EA9D-439C-8A2C-3BA2772B23AE}.Release|x64.Build.0 = Release|x64
		{8462C624-EA9D-439C-8A2C-3BA2772B23AE}.Release|x86.ActiveCfg = Release|Any CPU
		{8462C624-EA9D-439C-8A2C-3BA2772B23AE}.Release|x86.Build.0 = Release|Any CPU
		{1D616530-5CA4-4C71-BC05-BC2F0E62CE59}.Debug|Any CPU.ActiveCfg = Debug|Any CPU
		{1D616530-5CA4-4C71-BC05-BC2F0E62CE59}.Debug|Any CPU.Build.0 = Debug|Any CPU
		{1D616530-5CA4-4C71-BC05-BC2F0E62CE59}.Debug|x64.ActiveCfg = Debug|x64
		{1D616530-5CA4-4C71-BC05-BC2F0E62CE59}.Debug|x64.Build.0 = Debug|x64
		{1D616530-5CA4-4C71-BC05-BC2F0E62CE59}.Debug|x86.ActiveCfg = Debug|Any CPU
		{1D616530-5CA4-4C71-BC05-BC2F0E62CE59}.Debug|x86.Build.0 = Debug|Any CPU
		{1D616530-5CA4-4C71-BC05-BC2F0E62CE59}.Release|Any CPU.ActiveCfg = Release|Any CPU
		{1D616530-5CA4-4C71-BC05-BC2F0E62CE59}.Release|Any CPU.Build.0 = Release|Any CPU
		{1D616530-5CA4-4C71-BC05-BC2F0E62CE59}.Release|x64.ActiveCfg = Release|x64
		{1D616530-5CA4-4C71-BC05-BC2F0E62CE59}.Release|x64.Build.0 = Release|x64
		{1D616530-5CA4-4C71-BC05-BC2F0E62CE59}.Release|x86.ActiveCfg = Release|Any CPU
		{1D616530-5CA4-4C71-BC05-BC2F0E62CE59}.Release|x86.Build.0 = Release|Any CPU
		{AE935C71-48E7-4C9F-B8F2-A3ACD48E9BE7}.Debug|Any CPU.ActiveCfg = Debug|Any CPU
		{AE935C71-48E7-4C9F-B8F2-A3ACD48E9BE7}.Debug|Any CPU.Build.0 = Debug|Any CPU
		{AE935C71-48E7-4C9F-B8F2-A3ACD48E9BE7}.Debug|x64.ActiveCfg = Debug|x64
		{AE935C71-48E7-4C9F-B8F2-A3ACD48E9BE7}.Debug|x64.Build.0 = Debug|x64
		{AE935C71-48E7-4C9F-B8F2-A3ACD48E9BE7}.Debug|x86.ActiveCfg = Debug|Any CPU
		{AE935C71-48E7-4C9F-B8F2-A3ACD48E9BE7}.Debug|x86.Build.0 = Debug|Any CPU
		{AE935C71-48E7-4C9F-B8F2-A3ACD48E9BE7}.Release|Any CPU.ActiveCfg = Release|Any CPU
		{AE935C71-48E7-4C9F-B8F2-A3ACD48E9BE7}.Release|Any CPU.Build.0 = Release|Any CPU
		{AE935C71-48E7-4C9F-B8F2-A3ACD48E9BE7}.Release|x64.ActiveCfg = Release|x64
		{AE935C71-48E7-4C9F-B8F2-A3ACD48E9BE7}.Release|x64.Build.0 = Release|x64
		{AE935C71-48E7-4C9F-B8F2-A3ACD48E9BE7}.Release|x86.ActiveCfg = Release|Any CPU
		{AE935C71-48E7-4C9F-B8F2-A3ACD48E9BE7}.Release|x86.Build.0 = Release|Any CPU
		{7DBD4F6F-EA6B-4126-80ED-FBCDC0B3ED1C}.Debug|Any CPU.ActiveCfg = Debug|Any CPU
		{7DBD4F6F-EA6B-4126-80ED-FBCDC0B3ED1C}.Debug|Any CPU.Build.0 = Debug|Any CPU
		{7DBD4F6F-EA6B-4126-80ED-FBCDC0B3ED1C}.Debug|x64.ActiveCfg = Debug|x64
		{7DBD4F6F-EA6B-4126-80ED-FBCDC0B3ED1C}.Debug|x64.Build.0 = Debug|x64
		{7DBD4F6F-EA6B-4126-80ED-FBCDC0B3ED1C}.Debug|x86.ActiveCfg = Debug|Any CPU
		{7DBD4F6F-EA6B-4126-80ED-FBCDC0B3ED1C}.Debug|x86.Build.0 = Debug|Any CPU
		{7DBD4F6F-EA6B-4126-80ED-FBCDC0B3ED1C}.Release|Any CPU.ActiveCfg = Release|Any CPU
		{7DBD4F6F-EA6B-4126-80ED-FBCDC0B3ED1C}.Release|Any CPU.Build.0 = Release|Any CPU
		{7DBD4F6F-EA6B-4126-80ED-FBCDC0B3ED1C}.Release|x64.ActiveCfg = Release|x64
		{7DBD4F6F-EA6B-4126-80ED-FBCDC0B3ED1C}.Release|x64.Build.0 = Release|x64
		{7DBD4F6F-EA6B-4126-80ED-FBCDC0B3ED1C}.Release|x86.ActiveCfg = Release|Any CPU
		{7DBD4F6F-EA6B-4126-80ED-FBCDC0B3ED1C}.Release|x86.Build.0 = Release|Any CPU
		{F8E65110-15E5-419B-A0EF-E3ABDF78FCEE}.Debug|Any CPU.ActiveCfg = Debug|Any CPU
		{F8E65110-15E5-419B-A0EF-E3ABDF78FCEE}.Debug|Any CPU.Build.0 = Debug|Any CPU
		{F8E65110-15E5-419B-A0EF-E3ABDF78FCEE}.Debug|x64.ActiveCfg = Debug|x64
		{F8E65110-15E5-419B-A0EF-E3ABDF78FCEE}.Debug|x64.Build.0 = Debug|x64
		{F8E65110-15E5-419B-A0EF-E3ABDF78FCEE}.Debug|x86.ActiveCfg = Debug|Any CPU
		{F8E65110-15E5-419B-A0EF-E3ABDF78FCEE}.Debug|x86.Build.0 = Debug|Any CPU
		{F8E65110-15E5-419B-A0EF-E3ABDF78FCEE}.Release|Any CPU.ActiveCfg = Release|Any CPU
		{F8E65110-15E5-419B-A0EF-E3ABDF78FCEE}.Release|Any CPU.Build.0 = Release|Any CPU
		{F8E65110-15E5-419B-A0EF-E3ABDF78FCEE}.Release|x64.ActiveCfg = Release|x64
		{F8E65110-15E5-419B-A0EF-E3ABDF78FCEE}.Release|x64.Build.0 = Release|x64
		{F8E65110-15E5-419B-A0EF-E3ABDF78FCEE}.Release|x86.ActiveCfg = Release|Any CPU
		{F8E65110-15E5-419B-A0EF-E3ABDF78FCEE}.Release|x86.Build.0 = Release|Any CPU
		{806AB447-493E-4840-AD63-EF8EA07ADFAE}.Debug|Any CPU.ActiveCfg = Debug|Any CPU
		{806AB447-493E-4840-AD63-EF8EA07ADFAE}.Debug|Any CPU.Build.0 = Debug|Any CPU
		{806AB447-493E-4840-AD63-EF8EA07ADFAE}.Debug|x64.ActiveCfg = Debug|x64
		{806AB447-493E-4840-AD63-EF8EA07ADFAE}.Debug|x64.Build.0 = Debug|x64
		{806AB447-493E-4840-AD63-EF8EA07ADFAE}.Debug|x86.ActiveCfg = Debug|Any CPU
		{806AB447-493E-4840-AD63-EF8EA07ADFAE}.Debug|x86.Build.0 = Debug|Any CPU
		{806AB447-493E-4840-AD63-EF8EA07ADFAE}.Release|Any CPU.ActiveCfg = Release|Any CPU
		{806AB447-493E-4840-AD63-EF8EA07ADFAE}.Release|Any CPU.Build.0 = Release|Any CPU
		{806AB447-493E-4840-AD63-EF8EA07ADFAE}.Release|x64.ActiveCfg = Release|x64
		{806AB447-493E-4840-AD63-EF8EA07ADFAE}.Release|x64.Build.0 = Release|x64
		{806AB447-493E-4840-AD63-EF8EA07ADFAE}.Release|x86.ActiveCfg = Release|Any CPU
		{806AB447-493E-4840-AD63-EF8EA07ADFAE}.Release|x86.Build.0 = Release|Any CPU
		{A2BC985E-B7DF-46CA-8046-1D450B7A3F22}.Debug|Any CPU.ActiveCfg = Debug|Any CPU
		{A2BC985E-B7DF-46CA-8046-1D450B7A3F22}.Debug|Any CPU.Build.0 = Debug|Any CPU
		{A2BC985E-B7DF-46CA-8046-1D450B7A3F22}.Debug|x64.ActiveCfg = Debug|x64
		{A2BC985E-B7DF-46CA-8046-1D450B7A3F22}.Debug|x64.Build.0 = Debug|x64
		{A2BC985E-B7DF-46CA-8046-1D450B7A3F22}.Debug|x86.ActiveCfg = Debug|Any CPU
		{A2BC985E-B7DF-46CA-8046-1D450B7A3F22}.Debug|x86.Build.0 = Debug|Any CPU
		{A2BC985E-B7DF-46CA-8046-1D450B7A3F22}.Release|Any CPU.ActiveCfg = Release|Any CPU
		{A2BC985E-B7DF-46CA-8046-1D450B7A3F22}.Release|Any CPU.Build.0 = Release|Any CPU
		{A2BC985E-B7DF-46CA-8046-1D450B7A3F22}.Release|x64.ActiveCfg = Release|x64
		{A2BC985E-B7DF-46CA-8046-1D450B7A3F22}.Release|x64.Build.0 = Release|x64
		{A2BC985E-B7DF-46CA-8046-1D450B7A3F22}.Release|x86.ActiveCfg = Release|Any CPU
		{A2BC985E-B7DF-46CA-8046-1D450B7A3F22}.Release|x86.Build.0 = Release|Any CPU
		{E84A20E8-4BC8-4F3C-97FA-F16F44CD6462}.Debug|Any CPU.ActiveCfg = Debug|x64
		{E84A20E8-4BC8-4F3C-97FA-F16F44CD6462}.Debug|x64.ActiveCfg = Debug|x64
		{E84A20E8-4BC8-4F3C-97FA-F16F44CD6462}.Debug|x64.Build.0 = Debug|x64
		{E84A20E8-4BC8-4F3C-97FA-F16F44CD6462}.Debug|x86.ActiveCfg = Debug|x64
		{E84A20E8-4BC8-4F3C-97FA-F16F44CD6462}.Release|Any CPU.ActiveCfg = Release|x64
		{E84A20E8-4BC8-4F3C-97FA-F16F44CD6462}.Release|x64.ActiveCfg = Release|x64
		{E84A20E8-4BC8-4F3C-97FA-F16F44CD6462}.Release|x64.Build.0 = Release|x64
		{E84A20E8-4BC8-4F3C-97FA-F16F44CD6462}.Release|x86.ActiveCfg = Release|x64
		{8098E66B-F3F3-4740-89FB-73D8B2E5C4F2}.Debug|Any CPU.ActiveCfg = Debug|Any CPU
		{8098E66B-F3F3-4740-89FB-73D8B2E5C4F2}.Debug|Any CPU.Build.0 = Debug|Any CPU
		{8098E66B-F3F3-4740-89FB-73D8B2E5C4F2}.Debug|x64.ActiveCfg = Debug|x64
		{8098E66B-F3F3-4740-89FB-73D8B2E5C4F2}.Debug|x64.Build.0 = Debug|x64
		{8098E66B-F3F3-4740-89FB-73D8B2E5C4F2}.Debug|x86.ActiveCfg = Debug|Any CPU
		{8098E66B-F3F3-4740-89FB-73D8B2E5C4F2}.Debug|x86.Build.0 = Debug|Any CPU
		{8098E66B-F3F3-4740-89FB-73D8B2E5C4F2}.Release|Any CPU.ActiveCfg = Release|Any CPU
		{8098E66B-F3F3-4740-89FB-73D8B2E5C4F2}.Release|Any CPU.Build.0 = Release|Any CPU
		{8098E66B-F3F3-4740-89FB-73D8B2E5C4F2}.Release|x64.ActiveCfg = Release|x64
		{8098E66B-F3F3-4740-89FB-73D8B2E5C4F2}.Release|x64.Build.0 = Release|x64
		{8098E66B-F3F3-4740-89FB-73D8B2E5C4F2}.Release|x86.ActiveCfg = Release|Any CPU
		{8098E66B-F3F3-4740-89FB-73D8B2E5C4F2}.Release|x86.Build.0 = Release|Any CPU
		{17969F88-861E-4544-BE80-17A07A423AF0}.Debug|Any CPU.ActiveCfg = Debug|Any CPU
		{17969F88-861E-4544-BE80-17A07A423AF0}.Debug|Any CPU.Build.0 = Debug|Any CPU
		{17969F88-861E-4544-BE80-17A07A423AF0}.Debug|x64.ActiveCfg = Debug|x64
		{17969F88-861E-4544-BE80-17A07A423AF0}.Debug|x64.Build.0 = Debug|x64
		{17969F88-861E-4544-BE80-17A07A423AF0}.Debug|x86.ActiveCfg = Debug|Any CPU
		{17969F88-861E-4544-BE80-17A07A423AF0}.Debug|x86.Build.0 = Debug|Any CPU
		{17969F88-861E-4544-BE80-17A07A423AF0}.Release|Any CPU.ActiveCfg = Release|Any CPU
		{17969F88-861E-4544-BE80-17A07A423AF0}.Release|Any CPU.Build.0 = Release|Any CPU
		{17969F88-861E-4544-BE80-17A07A423AF0}.Release|x64.ActiveCfg = Release|x64
		{17969F88-861E-4544-BE80-17A07A423AF0}.Release|x64.Build.0 = Release|x64
		{17969F88-861E-4544-BE80-17A07A423AF0}.Release|x86.ActiveCfg = Release|Any CPU
		{17969F88-861E-4544-BE80-17A07A423AF0}.Release|x86.Build.0 = Release|Any CPU
		{871DAC55-1324-4271-B0FA-49FCEC3C8D43}.Debug|Any CPU.ActiveCfg = Debug|Any CPU
		{871DAC55-1324-4271-B0FA-49FCEC3C8D43}.Debug|Any CPU.Build.0 = Debug|Any CPU
		{871DAC55-1324-4271-B0FA-49FCEC3C8D43}.Debug|x64.ActiveCfg = Debug|x64
		{871DAC55-1324-4271-B0FA-49FCEC3C8D43}.Debug|x64.Build.0 = Debug|x64
		{871DAC55-1324-4271-B0FA-49FCEC3C8D43}.Debug|x86.ActiveCfg = Debug|Any CPU
		{871DAC55-1324-4271-B0FA-49FCEC3C8D43}.Debug|x86.Build.0 = Debug|Any CPU
		{871DAC55-1324-4271-B0FA-49FCEC3C8D43}.Release|Any CPU.ActiveCfg = Release|Any CPU
		{871DAC55-1324-4271-B0FA-49FCEC3C8D43}.Release|Any CPU.Build.0 = Release|Any CPU
		{871DAC55-1324-4271-B0FA-49FCEC3C8D43}.Release|x64.ActiveCfg = Release|x64
		{871DAC55-1324-4271-B0FA-49FCEC3C8D43}.Release|x64.Build.0 = Release|x64
		{871DAC55-1324-4271-B0FA-49FCEC3C8D43}.Release|x86.ActiveCfg = Release|Any CPU
		{871DAC55-1324-4271-B0FA-49FCEC3C8D43}.Release|x86.Build.0 = Release|Any CPU
		{3BF05998-8E70-4CFC-9EBA-3CB8F1449D73}.Debug|Any CPU.ActiveCfg = Debug|Any CPU
		{3BF05998-8E70-4CFC-9EBA-3CB8F1449D73}.Debug|Any CPU.Build.0 = Debug|Any CPU
		{3BF05998-8E70-4CFC-9EBA-3CB8F1449D73}.Debug|x64.ActiveCfg = Debug|x64
		{3BF05998-8E70-4CFC-9EBA-3CB8F1449D73}.Debug|x64.Build.0 = Debug|x64
		{3BF05998-8E70-4CFC-9EBA-3CB8F1449D73}.Debug|x86.ActiveCfg = Debug|Any CPU
		{3BF05998-8E70-4CFC-9EBA-3CB8F1449D73}.Debug|x86.Build.0 = Debug|Any CPU
		{3BF05998-8E70-4CFC-9EBA-3CB8F1449D73}.Release|Any CPU.ActiveCfg = Release|Any CPU
		{3BF05998-8E70-4CFC-9EBA-3CB8F1449D73}.Release|Any CPU.Build.0 = Release|Any CPU
		{3BF05998-8E70-4CFC-9EBA-3CB8F1449D73}.Release|x64.ActiveCfg = Release|x64
		{3BF05998-8E70-4CFC-9EBA-3CB8F1449D73}.Release|x64.Build.0 = Release|x64
		{3BF05998-8E70-4CFC-9EBA-3CB8F1449D73}.Release|x86.ActiveCfg = Release|Any CPU
		{3BF05998-8E70-4CFC-9EBA-3CB8F1449D73}.Release|x86.Build.0 = Release|Any CPU
		{FE418572-5BD1-43A5-BC09-D3BA0D49C910}.Debug|Any CPU.ActiveCfg = Debug|Any CPU
		{FE418572-5BD1-43A5-BC09-D3BA0D49C910}.Debug|Any CPU.Build.0 = Debug|Any CPU
		{FE418572-5BD1-43A5-BC09-D3BA0D49C910}.Debug|x64.ActiveCfg = Debug|x64
		{FE418572-5BD1-43A5-BC09-D3BA0D49C910}.Debug|x64.Build.0 = Debug|x64
		{FE418572-5BD1-43A5-BC09-D3BA0D49C910}.Debug|x86.ActiveCfg = Debug|Any CPU
		{FE418572-5BD1-43A5-BC09-D3BA0D49C910}.Debug|x86.Build.0 = Debug|Any CPU
		{FE418572-5BD1-43A5-BC09-D3BA0D49C910}.Release|Any CPU.ActiveCfg = Release|Any CPU
		{FE418572-5BD1-43A5-BC09-D3BA0D49C910}.Release|Any CPU.Build.0 = Release|Any CPU
		{FE418572-5BD1-43A5-BC09-D3BA0D49C910}.Release|x64.ActiveCfg = Release|x64
		{FE418572-5BD1-43A5-BC09-D3BA0D49C910}.Release|x64.Build.0 = Release|x64
		{FE418572-5BD1-43A5-BC09-D3BA0D49C910}.Release|x86.ActiveCfg = Release|Any CPU
		{FE418572-5BD1-43A5-BC09-D3BA0D49C910}.Release|x86.Build.0 = Release|Any CPU
		{F992E6E4-0C4A-4FEA-9546-6B43ED1F220A}.Debug|Any CPU.ActiveCfg = Debug|Any CPU
		{F992E6E4-0C4A-4FEA-9546-6B43ED1F220A}.Debug|Any CPU.Build.0 = Debug|Any CPU
		{F992E6E4-0C4A-4FEA-9546-6B43ED1F220A}.Debug|x64.ActiveCfg = Debug|x64
		{F992E6E4-0C4A-4FEA-9546-6B43ED1F220A}.Debug|x64.Build.0 = Debug|x64
		{F992E6E4-0C4A-4FEA-9546-6B43ED1F220A}.Debug|x86.ActiveCfg = Debug|Any CPU
		{F992E6E4-0C4A-4FEA-9546-6B43ED1F220A}.Debug|x86.Build.0 = Debug|Any CPU
		{F992E6E4-0C4A-4FEA-9546-6B43ED1F220A}.Release|Any CPU.ActiveCfg = Release|Any CPU
		{F992E6E4-0C4A-4FEA-9546-6B43ED1F220A}.Release|Any CPU.Build.0 = Release|Any CPU
		{F992E6E4-0C4A-4FEA-9546-6B43ED1F220A}.Release|x64.ActiveCfg = Release|x64
		{F992E6E4-0C4A-4FEA-9546-6B43ED1F220A}.Release|x64.Build.0 = Release|x64
		{F992E6E4-0C4A-4FEA-9546-6B43ED1F220A}.Release|x86.ActiveCfg = Release|Any CPU
		{F992E6E4-0C4A-4FEA-9546-6B43ED1F220A}.Release|x86.Build.0 = Release|Any CPU
		{48D2AECC-2893-4648-95C8-2F55539F644E}.Debug|Any CPU.ActiveCfg = Debug|Any CPU
		{48D2AECC-2893-4648-95C8-2F55539F644E}.Debug|Any CPU.Build.0 = Debug|Any CPU
		{48D2AECC-2893-4648-95C8-2F55539F644E}.Debug|x64.ActiveCfg = Debug|x64
		{48D2AECC-2893-4648-95C8-2F55539F644E}.Debug|x64.Build.0 = Debug|x64
		{48D2AECC-2893-4648-95C8-2F55539F644E}.Debug|x86.ActiveCfg = Debug|Any CPU
		{48D2AECC-2893-4648-95C8-2F55539F644E}.Debug|x86.Build.0 = Debug|Any CPU
		{48D2AECC-2893-4648-95C8-2F55539F644E}.Release|Any CPU.ActiveCfg = Release|Any CPU
		{48D2AECC-2893-4648-95C8-2F55539F644E}.Release|Any CPU.Build.0 = Release|Any CPU
		{48D2AECC-2893-4648-95C8-2F55539F644E}.Release|x64.ActiveCfg = Release|x64
		{48D2AECC-2893-4648-95C8-2F55539F644E}.Release|x64.Build.0 = Release|x64
		{48D2AECC-2893-4648-95C8-2F55539F644E}.Release|x86.ActiveCfg = Release|Any CPU
		{48D2AECC-2893-4648-95C8-2F55539F644E}.Release|x86.Build.0 = Release|Any CPU
	EndGlobalSection
	GlobalSection(SolutionProperties) = preSolution
		HideSolutionNode = FALSE
	EndGlobalSection
	GlobalSection(NestedProjects) = preSolution
		{2F931E91-BE59-47F2-8413-1E660C485539} = {95637F01-645A-48DB-98B2-0D880E4CA8E7}
		{3556383E-84C4-4C7B-BDCB-A7C14FAD23DE} = {95637F01-645A-48DB-98B2-0D880E4CA8E7}
		{86FA9733-12C9-4E73-A07E-EB44729B49BA} = {3842E510-AC58-4FE0-9266-E29ED3552E3C}
		{B2AD2089-9DD1-4961-8C38-45123D96B3FE} = {3842E510-AC58-4FE0-9266-E29ED3552E3C}
		{8462C624-EA9D-439C-8A2C-3BA2772B23AE} = {3842E510-AC58-4FE0-9266-E29ED3552E3C}
		{1D616530-5CA4-4C71-BC05-BC2F0E62CE59} = {3842E510-AC58-4FE0-9266-E29ED3552E3C}
		{AE935C71-48E7-4C9F-B8F2-A3ACD48E9BE7} = {3842E510-AC58-4FE0-9266-E29ED3552E3C}
		{7DBD4F6F-EA6B-4126-80ED-FBCDC0B3ED1C} = {3842E510-AC58-4FE0-9266-E29ED3552E3C}
		{F8E65110-15E5-419B-A0EF-E3ABDF78FCEE} = {3842E510-AC58-4FE0-9266-E29ED3552E3C}
		{806AB447-493E-4840-AD63-EF8EA07ADFAE} = {66B7625C-2BC8-4E0C-A1D9-633D86BBC0A7}
		{A2BC985E-B7DF-46CA-8046-1D450B7A3F22} = {3842E510-AC58-4FE0-9266-E29ED3552E3C}
		{E84A20E8-4BC8-4F3C-97FA-F16F44CD6462} = {F63C41BD-D704-4058-8C15-F303A42609FB}
		{8098E66B-F3F3-4740-89FB-73D8B2E5C4F2} = {64F17284-8B34-4A0F-A471-357B866047CB}
		{17969F88-861E-4544-BE80-17A07A423AF0} = {64F17284-8B34-4A0F-A471-357B866047CB}
		{871DAC55-1324-4271-B0FA-49FCEC3C8D43} = {64F17284-8B34-4A0F-A471-357B866047CB}
		{3BF05998-8E70-4CFC-9EBA-3CB8F1449D73} = {3842E510-AC58-4FE0-9266-E29ED3552E3C}
		{FE418572-5BD1-43A5-BC09-D3BA0D49C910} = {3842E510-AC58-4FE0-9266-E29ED3552E3C}
		{F992E6E4-0C4A-4FEA-9546-6B43ED1F220A} = {3842E510-AC58-4FE0-9266-E29ED3552E3C}
		{48D2AECC-2893-4648-95C8-2F55539F644E} = {3842E510-AC58-4FE0-9266-E29ED3552E3C}
	EndGlobalSection
	GlobalSection(ExtensibilityGlobals) = postSolution
		SolutionGuid = {CFA0C3FB-B74F-45AD-A474-D121B69CFC54}
	EndGlobalSection
EndGlobal
