
Microsoft Visual Studio Solution File, Format Version 12.00
# Visual Studio 15
VisualStudioVersion = 15.0.26730.16
MinimumVisualStudioVersion = 10.0.40219.1
Project("{FAE04EC0-301F-11D3-BF4B-00C04F79EFBC}") = "EngineCore", "EngineCore\EngineCore.csproj", "{7AF8909D-510D-4C86-B3FE-5BE0971CF045}"
EndProject
Project("{8BC9CEB8-8B4A-11D0-8D11-00A0C91BC942}") = "FbxLoaderNative", "FbxLoaderNative\FbxLoaderNative.vcxproj", "{2F931E91-BE59-47F2-8413-1E660C485539}"
EndProject
Project("{FAE04EC0-301F-11D3-BF4B-00C04F79EFBC}") = "AssetsManager", "AssetsManager\AssetsManager.csproj", "{333E14B0-7CE6-4036-B931-1F8059C103BF}"
EndProject
Project("{FAE04EC0-301F-11D3-BF4B-00C04F79EFBC}") = "SandBoxProject", "SandBoxProject\SandBoxProject.csproj", "{BED2A9BF-9B50-4003-BBA1-82119D98A7BA}"
EndProject
Project("{2150E333-8FDC-42A3-9474-1A3956D46DE8}") = "Core", "Core", "{6EC8AB9B-FC25-4900-8E99-F5DF9DA541F2}"
EndProject
Project("{2150E333-8FDC-42A3-9474-1A3956D46DE8}") = "Projects", "Projects", "{66B7625C-2BC8-4E0C-A1D9-633D86BBC0A7}"
EndProject
Project("{FAE04EC0-301F-11D3-BF4B-00C04F79EFBC}") = "PongGame", "PongGame\PongGame.csproj", "{B80B931D-8E2F-46A6-8104-1224260B7BE1}"
EndProject
Project("{FAE04EC0-301F-11D3-BF4B-00C04F79EFBC}") = "KatamariGame", "KatamariGame\KatamariGame.csproj", "{6905AA24-C22F-468A-8F35-8461628FB67F}"
EndProject
Project("{FAE04EC0-301F-11D3-BF4B-00C04F79EFBC}") = "Editor", "Editor\Editor.csproj", "{A04132AC-651A-4BFA-8720-96CFDA3C9E63}"
EndProject
Project("{FAE04EC0-301F-11D3-BF4B-00C04F79EFBC}") = "ECSTestProject", "ECSTestProject\ECSTestProject.csproj", "{6BEF8527-4DBD-4BB5-B733-D2F5C05CF385}"
EndProject
Project("{FAE04EC0-301F-11D3-BF4B-00C04F79EFBC}") = "ThreadsQueuing", "ThreadsQueuing\ThreadsQueuing.csproj", "{758D3AB7-3C95-4CC3-BCF9-A4B2161247BF}"
EndProject
Project("{2150E333-8FDC-42A3-9474-1A3956D46DE8}") = "Natives", "Natives", "{95637F01-645A-48DB-98B2-0D880E4CA8E7}"
EndProject
Project("{8BC9CEB8-8B4A-11D0-8D11-00A0C91BC942}") = "NativeUtils", "NativeUtils\NativeUtils.vcxproj", "{3556383E-84C4-4C7B-BDCB-A7C14FAD23DE}"
EndProject
Global
	GlobalSection(SolutionConfigurationPlatforms) = preSolution
		Debug|Any CPU = Debug|Any CPU
		Debug|x64 = Debug|x64
		Debug|x86 = Debug|x86
		Release|Any CPU = Release|Any CPU
		Release|x64 = Release|x64
		Release|x86 = Release|x86
	EndGlobalSection
	GlobalSection(ProjectConfigurationPlatforms) = postSolution
		{7AF8909D-510D-4C86-B3FE-5BE0971CF045}.Debug|Any CPU.ActiveCfg = Debug|x64
		{7AF8909D-510D-4C86-B3FE-5BE0971CF045}.Debug|x64.ActiveCfg = Debug|x64
		{7AF8909D-510D-4C86-B3FE-5BE0971CF045}.Debug|x64.Build.0 = Debug|x64
		{7AF8909D-510D-4C86-B3FE-5BE0971CF045}.Debug|x86.ActiveCfg = Debug|x64
		{7AF8909D-510D-4C86-B3FE-5BE0971CF045}.Release|Any CPU.ActiveCfg = Release|x64
		{7AF8909D-510D-4C86-B3FE-5BE0971CF045}.Release|x64.ActiveCfg = Release|x64
		{7AF8909D-510D-4C86-B3FE-5BE0971CF045}.Release|x64.Build.0 = Release|x64
		{7AF8909D-510D-4C86-B3FE-5BE0971CF045}.Release|x86.ActiveCfg = Release|x64
		{2F931E91-BE59-47F2-8413-1E660C485539}.Debug|Any CPU.ActiveCfg = Debug|Win32
		{2F931E91-BE59-47F2-8413-1E660C485539}.Debug|x64.ActiveCfg = Debug|x64
		{2F931E91-BE59-47F2-8413-1E660C485539}.Debug|x64.Build.0 = Debug|x64
		{2F931E91-BE59-47F2-8413-1E660C485539}.Debug|x86.ActiveCfg = Debug|Win32
		{2F931E91-BE59-47F2-8413-1E660C485539}.Debug|x86.Build.0 = Debug|Win32
		{2F931E91-BE59-47F2-8413-1E660C485539}.Debug|x86.Deploy.0 = Debug|Win32
		{2F931E91-BE59-47F2-8413-1E660C485539}.Release|Any CPU.ActiveCfg = Release|Win32
		{2F931E91-BE59-47F2-8413-1E660C485539}.Release|x64.ActiveCfg = Release|x64
		{2F931E91-BE59-47F2-8413-1E660C485539}.Release|x64.Build.0 = Release|x64
		{2F931E91-BE59-47F2-8413-1E660C485539}.Release|x86.ActiveCfg = Release|Win32
		{2F931E91-BE59-47F2-8413-1E660C485539}.Release|x86.Build.0 = Release|Win32
		{2F931E91-BE59-47F2-8413-1E660C485539}.Release|x86.Deploy.0 = Release|Win32
		{333E14B0-7CE6-4036-B931-1F8059C103BF}.Debug|Any CPU.ActiveCfg = Debug|x64
		{333E14B0-7CE6-4036-B931-1F8059C103BF}.Debug|x64.ActiveCfg = Debug|x64
		{333E14B0-7CE6-4036-B931-1F8059C103BF}.Debug|x64.Build.0 = Debug|x64
		{333E14B0-7CE6-4036-B931-1F8059C103BF}.Debug|x86.ActiveCfg = Debug|x64
		{333E14B0-7CE6-4036-B931-1F8059C103BF}.Release|Any CPU.ActiveCfg = Release|x64
		{333E14B0-7CE6-4036-B931-1F8059C103BF}.Release|x64.ActiveCfg = Release|x64
		{333E14B0-7CE6-4036-B931-1F8059C103BF}.Release|x64.Build.0 = Release|x64
		{333E14B0-7CE6-4036-B931-1F8059C103BF}.Release|x86.ActiveCfg = Release|x64
		{BED2A9BF-9B50-4003-BBA1-82119D98A7BA}.Debug|Any CPU.ActiveCfg = Debug|x64
		{BED2A9BF-9B50-4003-BBA1-82119D98A7BA}.Debug|x64.ActiveCfg = Debug|x64
		{BED2A9BF-9B50-4003-BBA1-82119D98A7BA}.Debug|x64.Build.0 = Debug|x64
		{BED2A9BF-9B50-4003-BBA1-82119D98A7BA}.Debug|x86.ActiveCfg = Debug|x64
		{BED2A9BF-9B50-4003-BBA1-82119D98A7BA}.Release|Any CPU.ActiveCfg = Release|x64
		{BED2A9BF-9B50-4003-BBA1-82119D98A7BA}.Release|x64.ActiveCfg = Release|x64
		{BED2A9BF-9B50-4003-BBA1-82119D98A7BA}.Release|x64.Build.0 = Release|x64
		{BED2A9BF-9B50-4003-BBA1-82119D98A7BA}.Release|x86.ActiveCfg = Release|x64
		{B80B931D-8E2F-46A6-8104-1224260B7BE1}.Debug|Any CPU.ActiveCfg = Debug|x64
		{B80B931D-8E2F-46A6-8104-1224260B7BE1}.Debug|x64.ActiveCfg = Debug|x64
		{B80B931D-8E2F-46A6-8104-1224260B7BE1}.Debug|x64.Build.0 = Debug|x64
		{B80B931D-8E2F-46A6-8104-1224260B7BE1}.Debug|x86.ActiveCfg = Debug|x64
		{B80B931D-8E2F-46A6-8104-1224260B7BE1}.Release|Any CPU.ActiveCfg = Release|x64
		{B80B931D-8E2F-46A6-8104-1224260B7BE1}.Release|x64.ActiveCfg = Release|x64
		{B80B931D-8E2F-46A6-8104-1224260B7BE1}.Release|x64.Build.0 = Release|x64
		{B80B931D-8E2F-46A6-8104-1224260B7BE1}.Release|x86.ActiveCfg = Release|x64
		{6905AA24-C22F-468A-8F35-8461628FB67F}.Debug|Any CPU.ActiveCfg = Debug|x64
		{6905AA24-C22F-468A-8F35-8461628FB67F}.Debug|x64.ActiveCfg = Debug|x64
		{6905AA24-C22F-468A-8F35-8461628FB67F}.Debug|x64.Build.0 = Debug|x64
		{6905AA24-C22F-468A-8F35-8461628FB67F}.Debug|x86.ActiveCfg = Debug|x64
		{6905AA24-C22F-468A-8F35-8461628FB67F}.Release|Any CPU.ActiveCfg = Release|x64
		{6905AA24-C22F-468A-8F35-8461628FB67F}.Release|x64.ActiveCfg = Release|x64
		{6905AA24-C22F-468A-8F35-8461628FB67F}.Release|x64.Build.0 = Release|x64
		{6905AA24-C22F-468A-8F35-8461628FB67F}.Release|x86.ActiveCfg = Release|x64
		{A04132AC-651A-4BFA-8720-96CFDA3C9E63}.Debug|Any CPU.ActiveCfg = Debug|x64
		{A04132AC-651A-4BFA-8720-96CFDA3C9E63}.Debug|x64.ActiveCfg = Debug|x64
		{A04132AC-651A-4BFA-8720-96CFDA3C9E63}.Debug|x64.Build.0 = Debug|x64
		{A04132AC-651A-4BFA-8720-96CFDA3C9E63}.Debug|x86.ActiveCfg = Debug|x64
		{A04132AC-651A-4BFA-8720-96CFDA3C9E63}.Release|Any CPU.ActiveCfg = Release|x64
		{A04132AC-651A-4BFA-8720-96CFDA3C9E63}.Release|x64.ActiveCfg = Release|x64
		{A04132AC-651A-4BFA-8720-96CFDA3C9E63}.Release|x64.Build.0 = Release|x64
		{A04132AC-651A-4BFA-8720-96CFDA3C9E63}.Release|x86.ActiveCfg = Release|x64
		{6BEF8527-4DBD-4BB5-B733-D2F5C05CF385}.Debug|Any CPU.ActiveCfg = Debug|x64
		{6BEF8527-4DBD-4BB5-B733-D2F5C05CF385}.Debug|x64.ActiveCfg = Debug|x64
		{6BEF8527-4DBD-4BB5-B733-D2F5C05CF385}.Debug|x64.Build.0 = Debug|x64
		{6BEF8527-4DBD-4BB5-B733-D2F5C05CF385}.Debug|x86.ActiveCfg = Debug|x64
		{6BEF8527-4DBD-4BB5-B733-D2F5C05CF385}.Release|Any CPU.ActiveCfg = Release|x64
		{6BEF8527-4DBD-4BB5-B733-D2F5C05CF385}.Release|x64.ActiveCfg = Release|x64
		{6BEF8527-4DBD-4BB5-B733-D2F5C05CF385}.Release|x64.Build.0 = Release|x64
		{6BEF8527-4DBD-4BB5-B733-D2F5C05CF385}.Release|x86.ActiveCfg = Release|x64
		{758D3AB7-3C95-4CC3-BCF9-A4B2161247BF}.Debug|Any CPU.ActiveCfg = Debug|Any CPU
		{758D3AB7-3C95-4CC3-BCF9-A4B2161247BF}.Debug|Any CPU.Build.0 = Debug|Any CPU
		{758D3AB7-3C95-4CC3-BCF9-A4B2161247BF}.Debug|x64.ActiveCfg = Debug|x64
		{758D3AB7-3C95-4CC3-BCF9-A4B2161247BF}.Debug|x64.Build.0 = Debug|x64
		{758D3AB7-3C95-4CC3-BCF9-A4B2161247BF}.Debug|x86.ActiveCfg = Debug|Any CPU
		{758D3AB7-3C95-4CC3-BCF9-A4B2161247BF}.Debug|x86.Build.0 = Debug|Any CPU
		{758D3AB7-3C95-4CC3-BCF9-A4B2161247BF}.Release|Any CPU.ActiveCfg = Release|Any CPU
		{758D3AB7-3C95-4CC3-BCF9-A4B2161247BF}.Release|Any CPU.Build.0 = Release|Any CPU
		{758D3AB7-3C95-4CC3-BCF9-A4B2161247BF}.Release|x64.ActiveCfg = Release|Any CPU
		{758D3AB7-3C95-4CC3-BCF9-A4B2161247BF}.Release|x64.Build.0 = Release|Any CPU
		{758D3AB7-3C95-4CC3-BCF9-A4B2161247BF}.Release|x86.ActiveCfg = Release|Any CPU
		{758D3AB7-3C95-4CC3-BCF9-A4B2161247BF}.Release|x86.Build.0 = Release|Any CPU
		{3556383E-84C4-4C7B-BDCB-A7C14FAD23DE}.Debug|Any CPU.ActiveCfg = Debug|Win32
		{3556383E-84C4-4C7B-BDCB-A7C14FAD23DE}.Debug|x64.ActiveCfg = Debug|x64
		{3556383E-84C4-4C7B-BDCB-A7C14FAD23DE}.Debug|x64.Build.0 = Debug|x64
		{3556383E-84C4-4C7B-BDCB-A7C14FAD23DE}.Debug|x86.ActiveCfg = Debug|Win32
		{3556383E-84C4-4C7B-BDCB-A7C14FAD23DE}.Debug|x86.Build.0 = Debug|Win32
		{3556383E-84C4-4C7B-BDCB-A7C14FAD23DE}.Release|Any CPU.ActiveCfg = Release|Win32
		{3556383E-84C4-4C7B-BDCB-A7C14FAD23DE}.Release|x64.ActiveCfg = Release|x64
		{3556383E-84C4-4C7B-BDCB-A7C14FAD23DE}.Release|x64.Build.0 = Release|x64
		{3556383E-84C4-4C7B-BDCB-A7C14FAD23DE}.Release|x86.ActiveCfg = Release|Win32
		{3556383E-84C4-4C7B-BDCB-A7C14FAD23DE}.Release|x86.Build.0 = Release|Win32
	EndGlobalSection
	GlobalSection(SolutionProperties) = preSolution
		HideSolutionNode = FALSE
	EndGlobalSection
	GlobalSection(NestedProjects) = preSolution
		{7AF8909D-510D-4C86-B3FE-5BE0971CF045} = {6EC8AB9B-FC25-4900-8E99-F5DF9DA541F2}
		{2F931E91-BE59-47F2-8413-1E660C485539} = {95637F01-645A-48DB-98B2-0D880E4CA8E7}
		{333E14B0-7CE6-4036-B931-1F8059C103BF} = {6EC8AB9B-FC25-4900-8E99-F5DF9DA541F2}
		{BED2A9BF-9B50-4003-BBA1-82119D98A7BA} = {66B7625C-2BC8-4E0C-A1D9-633D86BBC0A7}
		{B80B931D-8E2F-46A6-8104-1224260B7BE1} = {66B7625C-2BC8-4E0C-A1D9-633D86BBC0A7}
		{6905AA24-C22F-468A-8F35-8461628FB67F} = {66B7625C-2BC8-4E0C-A1D9-633D86BBC0A7}
		{A04132AC-651A-4BFA-8720-96CFDA3C9E63} = {6EC8AB9B-FC25-4900-8E99-F5DF9DA541F2}
		{6BEF8527-4DBD-4BB5-B733-D2F5C05CF385} = {66B7625C-2BC8-4E0C-A1D9-633D86BBC0A7}
		{758D3AB7-3C95-4CC3-BCF9-A4B2161247BF} = {6EC8AB9B-FC25-4900-8E99-F5DF9DA541F2}
		{3556383E-84C4-4C7B-BDCB-A7C14FAD23DE} = {95637F01-645A-48DB-98B2-0D880E4CA8E7}
	EndGlobalSection
	GlobalSection(ExtensibilityGlobals) = postSolution
		SolutionGuid = {CFA0C3FB-B74F-45AD-A474-D121B69CFC54}
	EndGlobalSection
EndGlobal
