
Microsoft Visual Studio Solution File, Format Version 12.00
# Visual Studio 15
VisualStudioVersion = 15.0.26730.16
MinimumVisualStudioVersion = 10.0.40219.1
Project("{FAE04EC0-301F-11D3-BF4B-00C04F79EFBC}") = "EngineCore", "EngineCore\EngineCore.csproj", "{7AF8909D-510D-4C86-B3FE-5BE0971CF045}"
EndProject
Project("{8BC9CEB8-8B4A-11D0-8D11-00A0C91BC942}") = "FbxLoaderNative", "FbxLoaderNative\FbxLoaderNative.vcxproj", "{2F931E91-BE59-47F2-8413-1E660C485539}"
EndProject
Project("{FAE04EC0-301F-11D3-BF4B-00C04F79EFBC}") = "AssetsManager", "AssetsManager\AssetsManager.csproj", "{333E14B0-7CE6-4036-B931-1F8059C103BF}"
EndProject
Project("{2150E333-8FDC-42A3-9474-1A3956D46DE8}") = "Core", "Core", "{6EC8AB9B-FC25-4900-8E99-F5DF9DA541F2}"
EndProject
Project("{2150E333-8FDC-42A3-9474-1A3956D46DE8}") = "Projects", "Projects", "{66B7625C-2BC8-4E0C-A1D9-633D86BBC0A7}"
EndProject
Project("{FAE04EC0-301F-11D3-BF4B-00C04F79EFBC}") = "Editor", "Editor\Editor.csproj", "{A04132AC-651A-4BFA-8720-96CFDA3C9E63}"
EndProject
Project("{FAE04EC0-301F-11D3-BF4B-00C04F79EFBC}") = "ECSTestProject", "ECSTestProject\ECSTestProject.csproj", "{6BEF8527-4DBD-4BB5-B733-D2F5C05CF385}"
EndProject
Project("{FAE04EC0-301F-11D3-BF4B-00C04F79EFBC}") = "ThreadsQueuing", "ThreadsQueuing\ThreadsQueuing.csproj", "{758D3AB7-3C95-4CC3-BCF9-A4B2161247BF}"
EndProject
Project("{2150E333-8FDC-42A3-9474-1A3956D46DE8}") = "Native", "Native", "{95637F01-645A-48DB-98B2-0D880E4CA8E7}"
EndProject
Project("{8BC9CEB8-8B4A-11D0-8D11-00A0C91BC942}") = "NativeUtils", "NativeUtils\NativeUtils.vcxproj", "{3556383E-84C4-4C7B-BDCB-A7C14FAD23DE}"
EndProject
Project("{FAE04EC0-301F-11D3-BF4B-00C04F79EFBC}") = "CopperCowEngine.ECS", "Engine.ECS\CopperCowEngine.ECS.csproj", "{060632EE-FA0A-4247-8504-3AFAAE5630F5}"
EndProject
Project("{FAE04EC0-301F-11D3-BF4B-00C04F79EFBC}") = "CopperCowEngine.ECS.Builtin", "CopperCowEngine.ECS.Builtin\CopperCowEngine.ECS.Builtin.csproj", "{5EF39CDF-FDF1-4BAC-B720-E82864A0BD56}"
EndProject
Project("{FAE04EC0-301F-11D3-BF4B-00C04F79EFBC}") = "CopperCowEngine.Rendering", "CopperCowEngine.Rendering\CopperCowEngine.Rendering.csproj", "{B6BF5B3E-023F-4EF2-87EA-94873509ACB9}"
EndProject
Project("{FAE04EC0-301F-11D3-BF4B-00C04F79EFBC}") = "CopperCowEngine.Rendering.D3D11", "CopperCowEngine.Rendering.D3D11\CopperCowEngine.Rendering.D3D11.csproj", "{5D9F88DF-9488-4C0B-8ED5-854B9CA1D63E}"
EndProject
Project("{FAE04EC0-301F-11D3-BF4B-00C04F79EFBC}") = "CopperCowEngine.Core", "CopperCowEngine.Core\CopperCowEngine.Core.csproj", "{61818851-D238-408F-A579-D530A5C364DC}"
EndProject
Project("{FAE04EC0-301F-11D3-BF4B-00C04F79EFBC}") = "PureProject", "PureProject\PureProject.csproj", "{BC2A4B42-6B5C-449F-93D2-A4184C1FFD0F}"
EndProject
Project("{2150E333-8FDC-42A3-9474-1A3956D46DE8}") = "Modules", "Modules", "{3842E510-AC58-4FE0-9266-E29ED3552E3C}"
EndProject
Project("{FAE04EC0-301F-11D3-BF4B-00C04F79EFBC}") = "CopperCowEngine.AssetsManagement", "CopperCowEngine.AssetsManagement\CopperCowEngine.AssetsManagement.csproj", "{4CE2D288-B6F5-4591-BD23-C561D0DF91A5}"
EndProject
Global
	GlobalSection(SolutionConfigurationPlatforms) = preSolution
		Debug|Any CPU = Debug|Any CPU
		Debug|x64 = Debug|x64
		Debug|x86 = Debug|x86
		Release|Any CPU = Release|Any CPU
		Release|x64 = Release|x64
		Release|x86 = Release|x86
	EndGlobalSection
	GlobalSection(ProjectConfigurationPlatforms) = postSolution
		{7AF8909D-510D-4C86-B3FE-5BE0971CF045}.Debug|Any CPU.ActiveCfg = Debug|x64
		{7AF8909D-510D-4C86-B3FE-5BE0971CF045}.Debug|x64.ActiveCfg = Debug|x64
		{7AF8909D-510D-4C86-B3FE-5BE0971CF045}.Debug|x64.Build.0 = Debug|x64
		{7AF8909D-510D-4C86-B3FE-5BE0971CF045}.Debug|x86.ActiveCfg = Debug|x64
		{7AF8909D-510D-4C86-B3FE-5BE0971CF045}.Release|Any CPU.ActiveCfg = Release|x64
		{7AF8909D-510D-4C86-B3FE-5BE0971CF045}.Release|x64.ActiveCfg = Release|x64
		{7AF8909D-510D-4C86-B3FE-5BE0971CF045}.Release|x64.Build.0 = Release|x64
		{7AF8909D-510D-4C86-B3FE-5BE0971CF045}.Release|x86.ActiveCfg = Release|x64
		{2F931E91-BE59-47F2-8413-1E660C485539}.Debug|Any CPU.ActiveCfg = Debug|Win32
		{2F931E91-BE59-47F2-8413-1E660C485539}.Debug|x64.ActiveCfg = Debug|x64
		{2F931E91-BE59-47F2-8413-1E660C485539}.Debug|x64.Build.0 = Debug|x64
		{2F931E91-BE59-47F2-8413-1E660C485539}.Debug|x86.ActiveCfg = Debug|Win32
		{2F931E91-BE59-47F2-8413-1E660C485539}.Debug|x86.Build.0 = Debug|Win32
		{2F931E91-BE59-47F2-8413-1E660C485539}.Debug|x86.Deploy.0 = Debug|Win32
		{2F931E91-BE59-47F2-8413-1E660C485539}.Release|Any CPU.ActiveCfg = Release|Win32
		{2F931E91-BE59-47F2-8413-1E660C485539}.Release|x64.ActiveCfg = Release|x64
		{2F931E91-BE59-47F2-8413-1E660C485539}.Release|x64.Build.0 = Release|x64
		{2F931E91-BE59-47F2-8413-1E660C485539}.Release|x86.ActiveCfg = Release|Win32
		{2F931E91-BE59-47F2-8413-1E660C485539}.Release|x86.Build.0 = Release|Win32
		{2F931E91-BE59-47F2-8413-1E660C485539}.Release|x86.Deploy.0 = Release|Win32
		{333E14B0-7CE6-4036-B931-1F8059C103BF}.Debug|Any CPU.ActiveCfg = Debug|x64
		{333E14B0-7CE6-4036-B931-1F8059C103BF}.Debug|x64.ActiveCfg = Debug|x64
		{333E14B0-7CE6-4036-B931-1F8059C103BF}.Debug|x64.Build.0 = Debug|x64
		{333E14B0-7CE6-4036-B931-1F8059C103BF}.Debug|x86.ActiveCfg = Debug|x64
		{333E14B0-7CE6-4036-B931-1F8059C103BF}.Release|Any CPU.ActiveCfg = Release|x64
		{333E14B0-7CE6-4036-B931-1F8059C103BF}.Release|x64.ActiveCfg = Release|x64
		{333E14B0-7CE6-4036-B931-1F8059C103BF}.Release|x64.Build.0 = Release|x64
		{333E14B0-7CE6-4036-B931-1F8059C103BF}.Release|x86.ActiveCfg = Release|x64
		{A04132AC-651A-4BFA-8720-96CFDA3C9E63}.Debug|Any CPU.ActiveCfg = Debug|x64
		{A04132AC-651A-4BFA-8720-96CFDA3C9E63}.Debug|x64.ActiveCfg = Debug|x64
		{A04132AC-651A-4BFA-8720-96CFDA3C9E63}.Debug|x64.Build.0 = Debug|x64
		{A04132AC-651A-4BFA-8720-96CFDA3C9E63}.Debug|x86.ActiveCfg = Debug|x64
		{A04132AC-651A-4BFA-8720-96CFDA3C9E63}.Release|Any CPU.ActiveCfg = Release|x64
		{A04132AC-651A-4BFA-8720-96CFDA3C9E63}.Release|x64.ActiveCfg = Release|x64
		{A04132AC-651A-4BFA-8720-96CFDA3C9E63}.Release|x64.Build.0 = Release|x64
		{A04132AC-651A-4BFA-8720-96CFDA3C9E63}.Release|x86.ActiveCfg = Release|x64
		{6BEF8527-4DBD-4BB5-B733-D2F5C05CF385}.Debug|Any CPU.ActiveCfg = Debug|x64
		{6BEF8527-4DBD-4BB5-B733-D2F5C05CF385}.Debug|x64.ActiveCfg = Debug|x64
		{6BEF8527-4DBD-4BB5-B733-D2F5C05CF385}.Debug|x64.Build.0 = Debug|x64
		{6BEF8527-4DBD-4BB5-B733-D2F5C05CF385}.Debug|x86.ActiveCfg = Debug|x64
		{6BEF8527-4DBD-4BB5-B733-D2F5C05CF385}.Release|Any CPU.ActiveCfg = Release|x64
		{6BEF8527-4DBD-4BB5-B733-D2F5C05CF385}.Release|x64.ActiveCfg = Release|x64
		{6BEF8527-4DBD-4BB5-B733-D2F5C05CF385}.Release|x64.Build.0 = Release|x64
		{6BEF8527-4DBD-4BB5-B733-D2F5C05CF385}.Release|x86.ActiveCfg = Release|x64
		{758D3AB7-3C95-4CC3-BCF9-A4B2161247BF}.Debug|Any CPU.ActiveCfg = Debug|Any CPU
		{758D3AB7-3C95-4CC3-BCF9-A4B2161247BF}.Debug|Any CPU.Build.0 = Debug|Any CPU
		{758D3AB7-3C95-4CC3-BCF9-A4B2161247BF}.Debug|x64.ActiveCfg = Debug|x64
		{758D3AB7-3C95-4CC3-BCF9-A4B2161247BF}.Debug|x64.Build.0 = Debug|x64
		{758D3AB7-3C95-4CC3-BCF9-A4B2161247BF}.Debug|x86.ActiveCfg = Debug|Any CPU
		{758D3AB7-3C95-4CC3-BCF9-A4B2161247BF}.Debug|x86.Build.0 = Debug|Any CPU
		{758D3AB7-3C95-4CC3-BCF9-A4B2161247BF}.Release|Any CPU.ActiveCfg = Release|Any CPU
		{758D3AB7-3C95-4CC3-BCF9-A4B2161247BF}.Release|Any CPU.Build.0 = Release|Any CPU
		{758D3AB7-3C95-4CC3-BCF9-A4B2161247BF}.Release|x64.ActiveCfg = Release|x64
		{758D3AB7-3C95-4CC3-BCF9-A4B2161247BF}.Release|x64.Build.0 = Release|x64
		{758D3AB7-3C95-4CC3-BCF9-A4B2161247BF}.Release|x86.ActiveCfg = Release|Any CPU
		{758D3AB7-3C95-4CC3-BCF9-A4B2161247BF}.Release|x86.Build.0 = Release|Any CPU
		{3556383E-84C4-4C7B-BDCB-A7C14FAD23DE}.Debug|Any CPU.ActiveCfg = Debug|Win32
		{3556383E-84C4-4C7B-BDCB-A7C14FAD23DE}.Debug|x64.ActiveCfg = Debug|x64
		{3556383E-84C4-4C7B-BDCB-A7C14FAD23DE}.Debug|x64.Build.0 = Debug|x64
		{3556383E-84C4-4C7B-BDCB-A7C14FAD23DE}.Debug|x86.ActiveCfg = Debug|Win32
		{3556383E-84C4-4C7B-BDCB-A7C14FAD23DE}.Debug|x86.Build.0 = Debug|Win32
		{3556383E-84C4-4C7B-BDCB-A7C14FAD23DE}.Release|Any CPU.ActiveCfg = Release|Win32
		{3556383E-84C4-4C7B-BDCB-A7C14FAD23DE}.Release|x64.ActiveCfg = Release|x64
		{3556383E-84C4-4C7B-BDCB-A7C14FAD23DE}.Release|x64.Build.0 = Release|x64
		{3556383E-84C4-4C7B-BDCB-A7C14FAD23DE}.Release|x86.ActiveCfg = Release|Win32
		{3556383E-84C4-4C7B-BDCB-A7C14FAD23DE}.Release|x86.Build.0 = Release|Win32
		{060632EE-FA0A-4247-8504-3AFAAE5630F5}.Debug|Any CPU.ActiveCfg = Debug|Any CPU
		{060632EE-FA0A-4247-8504-3AFAAE5630F5}.Debug|Any CPU.Build.0 = Debug|Any CPU
		{060632EE-FA0A-4247-8504-3AFAAE5630F5}.Debug|x64.ActiveCfg = Debug|x64
		{060632EE-FA0A-4247-8504-3AFAAE5630F5}.Debug|x64.Build.0 = Debug|x64
		{060632EE-FA0A-4247-8504-3AFAAE5630F5}.Debug|x86.ActiveCfg = Debug|Any CPU
		{060632EE-FA0A-4247-8504-3AFAAE5630F5}.Debug|x86.Build.0 = Debug|Any CPU
		{060632EE-FA0A-4247-8504-3AFAAE5630F5}.Release|Any CPU.ActiveCfg = Release|Any CPU
		{060632EE-FA0A-4247-8504-3AFAAE5630F5}.Release|Any CPU.Build.0 = Release|Any CPU
		{060632EE-FA0A-4247-8504-3AFAAE5630F5}.Release|x64.ActiveCfg = Release|x64
		{060632EE-FA0A-4247-8504-3AFAAE5630F5}.Release|x64.Build.0 = Release|x64
		{060632EE-FA0A-4247-8504-3AFAAE5630F5}.Release|x86.ActiveCfg = Release|Any CPU
		{060632EE-FA0A-4247-8504-3AFAAE5630F5}.Release|x86.Build.0 = Release|Any CPU
		{5EF39CDF-FDF1-4BAC-B720-E82864A0BD56}.Debug|Any CPU.ActiveCfg = Debug|Any CPU
		{5EF39CDF-FDF1-4BAC-B720-E82864A0BD56}.Debug|Any CPU.Build.0 = Debug|Any CPU
		{5EF39CDF-FDF1-4BAC-B720-E82864A0BD56}.Debug|x64.ActiveCfg = Debug|Any CPU
		{5EF39CDF-FDF1-4BAC-B720-E82864A0BD56}.Debug|x64.Build.0 = Debug|Any CPU
		{5EF39CDF-FDF1-4BAC-B720-E82864A0BD56}.Debug|x86.ActiveCfg = Debug|Any CPU
		{5EF39CDF-FDF1-4BAC-B720-E82864A0BD56}.Debug|x86.Build.0 = Debug|Any CPU
		{5EF39CDF-FDF1-4BAC-B720-E82864A0BD56}.Release|Any CPU.ActiveCfg = Release|Any CPU
		{5EF39CDF-FDF1-4BAC-B720-E82864A0BD56}.Release|Any CPU.Build.0 = Release|Any CPU
		{5EF39CDF-FDF1-4BAC-B720-E82864A0BD56}.Release|x64.ActiveCfg = Release|Any CPU
		{5EF39CDF-FDF1-4BAC-B720-E82864A0BD56}.Release|x64.Build.0 = Release|Any CPU
		{5EF39CDF-FDF1-4BAC-B720-E82864A0BD56}.Release|x86.ActiveCfg = Release|Any CPU
		{5EF39CDF-FDF1-4BAC-B720-E82864A0BD56}.Release|x86.Build.0 = Release|Any CPU
		{B6BF5B3E-023F-4EF2-87EA-94873509ACB9}.Debug|Any CPU.ActiveCfg = Debug|Any CPU
		{B6BF5B3E-023F-4EF2-87EA-94873509ACB9}.Debug|Any CPU.Build.0 = Debug|Any CPU
		{B6BF5B3E-023F-4EF2-87EA-94873509ACB9}.Debug|x64.ActiveCfg = Debug|Any CPU
		{B6BF5B3E-023F-4EF2-87EA-94873509ACB9}.Debug|x64.Build.0 = Debug|Any CPU
		{B6BF5B3E-023F-4EF2-87EA-94873509ACB9}.Debug|x86.ActiveCfg = Debug|Any CPU
		{B6BF5B3E-023F-4EF2-87EA-94873509ACB9}.Debug|x86.Build.0 = Debug|Any CPU
		{B6BF5B3E-023F-4EF2-87EA-94873509ACB9}.Release|Any CPU.ActiveCfg = Release|Any CPU
		{B6BF5B3E-023F-4EF2-87EA-94873509ACB9}.Release|Any CPU.Build.0 = Release|Any CPU
		{B6BF5B3E-023F-4EF2-87EA-94873509ACB9}.Release|x64.ActiveCfg = Release|Any CPU
		{B6BF5B3E-023F-4EF2-87EA-94873509ACB9}.Release|x64.Build.0 = Release|Any CPU
		{B6BF5B3E-023F-4EF2-87EA-94873509ACB9}.Release|x86.ActiveCfg = Release|Any CPU
		{B6BF5B3E-023F-4EF2-87EA-94873509ACB9}.Release|x86.Build.0 = Release|Any CPU
		{5D9F88DF-9488-4C0B-8ED5-854B9CA1D63E}.Debug|Any CPU.ActiveCfg = Debug|Any CPU
		{5D9F88DF-9488-4C0B-8ED5-854B9CA1D63E}.Debug|Any CPU.Build.0 = Debug|Any CPU
		{5D9F88DF-9488-4C0B-8ED5-854B9CA1D63E}.Debug|x64.ActiveCfg = Debug|Any CPU
		{5D9F88DF-9488-4C0B-8ED5-854B9CA1D63E}.Debug|x64.Build.0 = Debug|Any CPU
		{5D9F88DF-9488-4C0B-8ED5-854B9CA1D63E}.Debug|x86.ActiveCfg = Debug|Any CPU
		{5D9F88DF-9488-4C0B-8ED5-854B9CA1D63E}.Debug|x86.Build.0 = Debug|Any CPU
		{5D9F88DF-9488-4C0B-8ED5-854B9CA1D63E}.Release|Any CPU.ActiveCfg = Release|Any CPU
		{5D9F88DF-9488-4C0B-8ED5-854B9CA1D63E}.Release|Any CPU.Build.0 = Release|Any CPU
		{5D9F88DF-9488-4C0B-8ED5-854B9CA1D63E}.Release|x64.ActiveCfg = Release|Any CPU
		{5D9F88DF-9488-4C0B-8ED5-854B9CA1D63E}.Release|x64.Build.0 = Release|Any CPU
		{5D9F88DF-9488-4C0B-8ED5-854B9CA1D63E}.Release|x86.ActiveCfg = Release|Any CPU
		{5D9F88DF-9488-4C0B-8ED5-854B9CA1D63E}.Release|x86.Build.0 = Release|Any CPU
		{61818851-D238-408F-A579-D530A5C364DC}.Debug|Any CPU.ActiveCfg = Debug|Any CPU
		{61818851-D238-408F-A579-D530A5C364DC}.Debug|Any CPU.Build.0 = Debug|Any CPU
		{61818851-D238-408F-A579-D530A5C364DC}.Debug|x64.ActiveCfg = Debug|Any CPU
		{61818851-D238-408F-A579-D530A5C364DC}.Debug|x64.Build.0 = Debug|Any CPU
		{61818851-D238-408F-A579-D530A5C364DC}.Debug|x86.ActiveCfg = Debug|Any CPU
		{61818851-D238-408F-A579-D530A5C364DC}.Debug|x86.Build.0 = Debug|Any CPU
		{61818851-D238-408F-A579-D530A5C364DC}.Release|Any CPU.ActiveCfg = Release|Any CPU
		{61818851-D238-408F-A579-D530A5C364DC}.Release|Any CPU.Build.0 = Release|Any CPU
		{61818851-D238-408F-A579-D530A5C364DC}.Release|x64.ActiveCfg = Release|Any CPU
		{61818851-D238-408F-A579-D530A5C364DC}.Release|x64.Build.0 = Release|Any CPU
		{61818851-D238-408F-A579-D530A5C364DC}.Release|x86.ActiveCfg = Release|Any CPU
		{61818851-D238-408F-A579-D530A5C364DC}.Release|x86.Build.0 = Release|Any CPU
		{BC2A4B42-6B5C-449F-93D2-A4184C1FFD0F}.Debug|Any CPU.ActiveCfg = Debug|Any CPU
		{BC2A4B42-6B5C-449F-93D2-A4184C1FFD0F}.Debug|Any CPU.Build.0 = Debug|Any CPU
		{BC2A4B42-6B5C-449F-93D2-A4184C1FFD0F}.Debug|x64.ActiveCfg = Debug|Any CPU
		{BC2A4B42-6B5C-449F-93D2-A4184C1FFD0F}.Debug|x64.Build.0 = Debug|Any CPU
		{BC2A4B42-6B5C-449F-93D2-A4184C1FFD0F}.Debug|x86.ActiveCfg = Debug|Any CPU
		{BC2A4B42-6B5C-449F-93D2-A4184C1FFD0F}.Debug|x86.Build.0 = Debug|Any CPU
		{BC2A4B42-6B5C-449F-93D2-A4184C1FFD0F}.Release|Any CPU.ActiveCfg = Release|Any CPU
		{BC2A4B42-6B5C-449F-93D2-A4184C1FFD0F}.Release|Any CPU.Build.0 = Release|Any CPU
		{BC2A4B42-6B5C-449F-93D2-A4184C1FFD0F}.Release|x64.ActiveCfg = Release|Any CPU
		{BC2A4B42-6B5C-449F-93D2-A4184C1FFD0F}.Release|x64.Build.0 = Release|Any CPU
		{BC2A4B42-6B5C-449F-93D2-A4184C1FFD0F}.Release|x86.ActiveCfg = Release|Any CPU
		{BC2A4B42-6B5C-449F-93D2-A4184C1FFD0F}.Release|x86.Build.0 = Release|Any CPU
		{4CE2D288-B6F5-4591-BD23-C561D0DF91A5}.Debug|Any CPU.ActiveCfg = Debug|Any CPU
		{4CE2D288-B6F5-4591-BD23-C561D0DF91A5}.Debug|Any CPU.Build.0 = Debug|Any CPU
		{4CE2D288-B6F5-4591-BD23-C561D0DF91A5}.Debug|x64.ActiveCfg = Debug|Any CPU
		{4CE2D288-B6F5-4591-BD23-C561D0DF91A5}.Debug|x64.Build.0 = Debug|Any CPU
		{4CE2D288-B6F5-4591-BD23-C561D0DF91A5}.Debug|x86.ActiveCfg = Debug|Any CPU
		{4CE2D288-B6F5-4591-BD23-C561D0DF91A5}.Debug|x86.Build.0 = Debug|Any CPU
		{4CE2D288-B6F5-4591-BD23-C561D0DF91A5}.Release|Any CPU.ActiveCfg = Release|Any CPU
		{4CE2D288-B6F5-4591-BD23-C561D0DF91A5}.Release|Any CPU.Build.0 = Release|Any CPU
		{4CE2D288-B6F5-4591-BD23-C561D0DF91A5}.Release|x64.ActiveCfg = Release|Any CPU
		{4CE2D288-B6F5-4591-BD23-C561D0DF91A5}.Release|x64.Build.0 = Release|Any CPU
		{4CE2D288-B6F5-4591-BD23-C561D0DF91A5}.Release|x86.ActiveCfg = Release|Any CPU
		{4CE2D288-B6F5-4591-BD23-C561D0DF91A5}.Release|x86.Build.0 = Release|Any CPU
	EndGlobalSection
	GlobalSection(SolutionProperties) = preSolution
		HideSolutionNode = FALSE
	EndGlobalSection
	GlobalSection(NestedProjects) = preSolution
		{7AF8909D-510D-4C86-B3FE-5BE0971CF045} = {6EC8AB9B-FC25-4900-8E99-F5DF9DA541F2}
		{2F931E91-BE59-47F2-8413-1E660C485539} = {95637F01-645A-48DB-98B2-0D880E4CA8E7}
		{333E14B0-7CE6-4036-B931-1F8059C103BF} = {6EC8AB9B-FC25-4900-8E99-F5DF9DA541F2}
		{A04132AC-651A-4BFA-8720-96CFDA3C9E63} = {6EC8AB9B-FC25-4900-8E99-F5DF9DA541F2}
		{6BEF8527-4DBD-4BB5-B733-D2F5C05CF385} = {66B7625C-2BC8-4E0C-A1D9-633D86BBC0A7}
		{758D3AB7-3C95-4CC3-BCF9-A4B2161247BF} = {6EC8AB9B-FC25-4900-8E99-F5DF9DA541F2}
		{3556383E-84C4-4C7B-BDCB-A7C14FAD23DE} = {95637F01-645A-48DB-98B2-0D880E4CA8E7}
		{060632EE-FA0A-4247-8504-3AFAAE5630F5} = {3842E510-AC58-4FE0-9266-E29ED3552E3C}
		{5EF39CDF-FDF1-4BAC-B720-E82864A0BD56} = {3842E510-AC58-4FE0-9266-E29ED3552E3C}
		{B6BF5B3E-023F-4EF2-87EA-94873509ACB9} = {3842E510-AC58-4FE0-9266-E29ED3552E3C}
		{5D9F88DF-9488-4C0B-8ED5-854B9CA1D63E} = {3842E510-AC58-4FE0-9266-E29ED3552E3C}
		{61818851-D238-408F-A579-D530A5C364DC} = {3842E510-AC58-4FE0-9266-E29ED3552E3C}
		{BC2A4B42-6B5C-449F-93D2-A4184C1FFD0F} = {66B7625C-2BC8-4E0C-A1D9-633D86BBC0A7}
		{4CE2D288-B6F5-4591-BD23-C561D0DF91A5} = {3842E510-AC58-4FE0-9266-E29ED3552E3C}
	EndGlobalSection
	GlobalSection(ExtensibilityGlobals) = postSolution
		SolutionGuid = {CFA0C3FB-B74F-45AD-A474-D121B69CFC54}
	EndGlobalSection
EndGlobal
